{
  "version": 4,
  "terraform_version": "1.4.4",
  "serial": 209,
  "lineage": "34f1d1cf-94e1-02cb-e6fb-141d2790a11e",
  "outputs": {
    "ec2_elasticsearch_private_ip": {
      "value": "172.31.41.3",
      "type": "string"
    },
    "elasticsearch_arn": {
      "value": "undefined",
      "type": "string"
    },
    "elasticsearch_domain_id": {
      "value": "undefined",
      "type": "string"
    },
    "elasticsearch_domain_name": {
      "value": "undefined",
      "type": "string"
    },
    "elasticsearch_endpoint": {
      "value": "undefined",
      "type": "string"
    },
    "kibana_endpoint": {
      "value": "undefined",
      "type": "string"
    }
  },
  "resources": [
    {
      "mode": "data",
      "type": "aws_ami",
      "name": "amazon_linux_2",
      "provider": "provider[\"registry.terraform.io/hashicorp/aws\"]",
      "instances": [
        {
          "schema_version": 0,
          "attributes": {
            "architecture": "x86_64",
            "arn": "arn:aws:ec2:ap-northeast-1::image/ami-0828596b82405edd7",
            "block_device_mappings": [
              {
                "device_name": "/dev/xvda",
                "ebs": {
                  "delete_on_termination": "true",
                  "encrypted": "false",
                  "iops": "0",
                  "snapshot_id": "snap-0bb52a330e3d5d021",
                  "throughput": "0",
                  "volume_size": "8",
                  "volume_type": "gp2"
                },
                "no_device": "",
                "virtual_name": ""
              }
            ],
            "boot_mode": "",
            "creation_date": "2023-05-05T19:27:34.000Z",
            "deprecation_time": "2025-05-05T19:27:34.000Z",
            "description": "Amazon Linux 2 AMI 2.0.20230504.1 x86_64 HVM gp2",
            "ena_support": true,
            "executable_users": null,
            "filter": [
              {
                "name": "name",
                "values": [
                  "amzn2-ami-hvm*"
                ]
              },
              {
                "name": "owner-alias",
                "values": [
                  "amazon"
                ]
              }
            ],
            "hypervisor": "xen",
            "id": "ami-0828596b82405edd7",
            "image_id": "ami-0828596b82405edd7",
            "image_location": "amazon/amzn2-ami-hvm-2.0.20230504.1-x86_64-gp2",
            "image_owner_alias": "amazon",
            "image_type": "machine",
            "imds_support": "",
            "include_deprecated": false,
            "kernel_id": "",
            "most_recent": true,
            "name": "amzn2-ami-hvm-2.0.20230504.1-x86_64-gp2",
            "name_regex": null,
            "owner_id": "137112412989",
            "owners": [
              "amazon"
            ],
            "platform": "",
            "platform_details": "Linux/UNIX",
            "product_codes": [],
            "public": true,
            "ramdisk_id": "",
            "root_device_name": "/dev/xvda",
            "root_device_type": "ebs",
            "root_snapshot_id": "snap-0bb52a330e3d5d021",
            "sriov_net_support": "simple",
            "state": "available",
            "state_reason": {
              "code": "UNSET",
              "message": "UNSET"
            },
            "tags": {},
            "timeouts": null,
            "tpm_support": "",
            "usage_operation": "RunInstances",
            "virtualization_type": "hvm"
          },
          "sensitive_attributes": []
        }
      ]
    },
    {
      "mode": "data",
      "type": "aws_caller_identity",
      "name": "current",
      "provider": "provider[\"registry.terraform.io/hashicorp/aws\"]",
      "instances": [
        {
          "schema_version": 0,
          "attributes": {
            "account_id": "054750815490",
            "arn": "arn:aws:iam::054750815490:user/rds",
            "id": "054750815490",
            "user_id": "AIDAQZP3HEUBDYW5RDLX4"
          },
          "sensitive_attributes": []
        }
      ]
    },
    {
      "mode": "data",
      "type": "aws_iam_policy",
      "name": "elasticsearch_iam_full_access",
      "provider": "provider[\"registry.terraform.io/hashicorp/aws\"]",
      "instances": [
        {
          "schema_version": 0,
          "attributes": {
            "arn": "arn:aws:iam::aws:policy/IAMFullAccess",
            "description": "Provides full access to IAM via the AWS Management Console.",
            "id": "arn:aws:iam::aws:policy/IAMFullAccess",
            "name": "IAMFullAccess",
            "path": "/",
            "path_prefix": null,
            "policy": "{\n  \"Version\": \"2012-10-17\",\n  \"Statement\": [\n    {\n      \"Effect\": \"Allow\",\n      \"Action\": [\"iam:*\", \n      \"organizations:DescribeAccount\", \n      \"organizations:DescribeOrganization\", \n      \"organizations:DescribeOrganizationalUnit\", \n      \"organizations:DescribePolicy\", \n      \"organizations:ListChildren\", \n      \"organizations:ListParents\", \n      \"organizations:ListPoliciesForTarget\", \n      \"organizations:ListRoots\", \n      \"organizations:ListPolicies\", \n      \"organizations:ListTargetsForPolicy\"],\n      \"Resource\": \"*\"\n    }\n  ]\n}",
            "policy_id": "ANPAI7XKCFMBPM3QQRRVQ",
            "tags": {}
          },
          "sensitive_attributes": []
        }
      ]
    },
    {
      "mode": "data",
      "type": "aws_iam_policy",
      "name": "elasticsearch_ssm_full_access",
      "provider": "provider[\"registry.terraform.io/hashicorp/aws\"]",
      "instances": [
        {
          "schema_version": 0,
          "attributes": {
            "arn": "arn:aws:iam::aws:policy/AmazonSSMFullAccess",
            "description": "Provides full access to Amazon SSM.",
            "id": "arn:aws:iam::aws:policy/AmazonSSMFullAccess",
            "name": "AmazonSSMFullAccess",
            "path": "/",
            "path_prefix": null,
            "policy": "{\n  \"Version\": \"2012-10-17\",\n  \"Statement\": [\n    {\n      \"Effect\": \"Allow\",\n      \"Action\": [\n        \"cloudwatch:PutMetricData\",\n        \"ds:CreateComputer\",\n        \"ds:DescribeDirectories\",\n        \"ec2:DescribeInstanceStatus\",\n        \"logs:*\",\n        \"ssm:*\",\n        \"ec2messages:*\"\n      ],\n      \"Resource\": \"*\"\n    },\n    {\n      \"Effect\": \"Allow\",\n      \"Action\": \"iam:CreateServiceLinkedRole\",\n      \"Resource\": \"arn:aws:iam::*:role/aws-service-role/ssm.amazonaws.com/AWSServiceRoleForAmazonSSM*\",\n      \"Condition\": {\n        \"StringLike\": {\n          \"iam:AWSServiceName\": \"ssm.amazonaws.com\"\n        }\n      }\n    },\n    {\n      \"Effect\": \"Allow\",\n      \"Action\": [\n        \"iam:DeleteServiceLinkedRole\",\n        \"iam:GetServiceLinkedRoleDeletionStatus\"\n      ],\n      \"Resource\": \"arn:aws:iam::*:role/aws-service-role/ssm.amazonaws.com/AWSServiceRoleForAmazonSSM*\"\n    },\n    {\n      \"Effect\": \"Allow\",\n      \"Action\": [\n         \"ssmmessages:CreateControlChannel\",\n         \"ssmmessages:CreateDataChannel\",\n         \"ssmmessages:OpenControlChannel\",\n         \"ssmmessages:OpenDataChannel\"\n      ],\n      \"Resource\": \"*\"\n    }\n  ]\n}",
            "policy_id": "ANPAJA7V6HI4ISQFMDYAG",
            "tags": {}
          },
          "sensitive_attributes": []
        }
      ]
    },
    {
      "mode": "data",
      "type": "aws_iam_policy",
      "name": "elasticsearch_ssm_mananged_instance_core",
      "provider": "provider[\"registry.terraform.io/hashicorp/aws\"]",
      "instances": [
        {
          "schema_version": 0,
          "attributes": {
            "arn": "arn:aws:iam::aws:policy/AmazonSSMManagedInstanceCore",
            "description": "The policy for Amazon EC2 Role to enable AWS Systems Manager service core functionality.",
            "id": "arn:aws:iam::aws:policy/AmazonSSMManagedInstanceCore",
            "name": "AmazonSSMManagedInstanceCore",
            "path": "/",
            "path_prefix": null,
            "policy": "{\n    \"Version\": \"2012-10-17\",\n    \"Statement\": [\n        {\n            \"Effect\": \"Allow\",\n            \"Action\": [\n                \"ssm:DescribeAssociation\",\n                \"ssm:GetDeployablePatchSnapshotForInstance\",\n                \"ssm:GetDocument\",\n                \"ssm:DescribeDocument\",\n                \"ssm:GetManifest\",\n                \"ssm:GetParameter\",\n                \"ssm:GetParameters\",\n                \"ssm:ListAssociations\",\n                \"ssm:ListInstanceAssociations\",\n                \"ssm:PutInventory\",\n                \"ssm:PutComplianceItems\",\n                \"ssm:PutConfigurePackageResult\",\n                \"ssm:UpdateAssociationStatus\",\n                \"ssm:UpdateInstanceAssociationStatus\",\n                \"ssm:UpdateInstanceInformation\"\n            ],\n            \"Resource\": \"*\"\n        },\n        {\n            \"Effect\": \"Allow\",\n            \"Action\": [\n                \"ssmmessages:CreateControlChannel\",\n                \"ssmmessages:CreateDataChannel\",\n                \"ssmmessages:OpenControlChannel\",\n                \"ssmmessages:OpenDataChannel\"\n            ],\n            \"Resource\": \"*\"\n        },\n        {\n            \"Effect\": \"Allow\",\n            \"Action\": [\n                \"ec2messages:AcknowledgeMessage\",\n                \"ec2messages:DeleteMessage\",\n                \"ec2messages:FailMessage\",\n                \"ec2messages:GetEndpoint\",\n                \"ec2messages:GetMessages\",\n                \"ec2messages:SendReply\"\n            ],\n            \"Resource\": \"*\"\n        }\n    ]\n}",
            "policy_id": "ANPAIXSHM2BNB2D3AXXRU",
            "tags": {}
          },
          "sensitive_attributes": []
        }
      ]
    },
    {
      "mode": "data",
      "type": "aws_region",
      "name": "current",
      "provider": "provider[\"registry.terraform.io/hashicorp/aws\"]",
      "instances": [
        {
          "schema_version": 0,
          "attributes": {
            "description": "Asia Pacific (Tokyo)",
            "endpoint": "ec2.ap-northeast-1.amazonaws.com",
            "id": "ap-northeast-1",
            "name": "ap-northeast-1"
          },
          "sensitive_attributes": []
        }
      ]
    },
    {
      "mode": "data",
      "type": "aws_vpc",
      "name": "selected",
      "provider": "provider[\"registry.terraform.io/hashicorp/aws\"]",
      "instances": [
        {
          "schema_version": 0,
          "attributes": {
            "arn": "arn:aws:ec2:ap-northeast-1:054750815490:vpc/vpc-0d6a6a0e5387a7523",
            "cidr_block": "172.31.0.0/16",
            "cidr_block_associations": [
              {
                "association_id": "vpc-cidr-assoc-0aebf75bf2c6b4ba1",
                "cidr_block": "172.31.0.0/16",
                "state": "associated"
              }
            ],
            "default": true,
            "dhcp_options_id": "dopt-00a37b74701b8872a",
            "enable_dns_hostnames": true,
            "enable_dns_support": true,
            "enable_network_address_usage_metrics": false,
            "filter": null,
            "id": "vpc-0d6a6a0e5387a7523",
            "instance_tenancy": "default",
            "ipv6_association_id": "",
            "ipv6_cidr_block": "",
            "main_route_table_id": "rtb-0481b740541877201",
            "owner_id": "054750815490",
            "state": null,
            "tags": {},
            "timeouts": null
          },
          "sensitive_attributes": []
        }
      ]
    },
    {
      "mode": "data",
      "type": "template_file",
      "name": "user_data",
      "provider": "provider[\"registry.terraform.io/hashicorp/template\"]",
      "instances": [
        {
          "schema_version": 0,
          "attributes": {
            "filename": null,
            "id": "dcba8e98fe4014b29baad1f3e0ac4503ce59fb9cc5e36aa299990d8c3ce1bf37",
            "rendered": "#!/bin/bash\n\nversion=7.17.8\nwget https://artifacts.elastic.co/downloads/elasticsearch/elasticsearch-\"$version\"-x86_64.rpm\nwget https://artifacts.elastic.co/downloads/elasticsearch/elasticsearch-\"$version\"-x86_64.rpm.sha512\nshasum -a 512 -c elasticsearch-\"$version\"-x86_64.rpm.sha512\nsudo rpm --install elasticsearch-\"$version\"-x86_64.rpm\n\nsudo systemctl daemon-reload\nsudo systemctl enable elasticsearch.service\nsudo systemctl start elasticsearch.service\n\necho \"transport.host: localhost\" \u003e\u003e /etc/elasticsearch/elasticsearch.yml\necho \"transport.tcp.port: 9300\" \u003e\u003e /etc/elasticsearch/elasticsearch.yml\necho \"http.port: 9200\"  \u003e\u003e /etc/elasticsearch/elasticsearch.yml\necho \"network.host: 0.0.0.0\"  \u003e\u003e /etc/elasticsearch/elasticsearch.yml\necho \"xpack.security.enabled: true\"  \u003e\u003e /etc/elasticsearch/elasticsearch.yml\necho \"xpack.security.transport.ssl.enabled: true\"  \u003e\u003e /etc/elasticsearch/elasticsearch.yml\necho \"xpack.security.http.ssl.enabled: false\"  \u003e\u003e /etc/elasticsearch/elasticsearch.yml\nsudo systemctl restart elasticsearch.service\n\ncd /usr/share/elasticsearch\nelastic_pass=$(bin/elasticsearch-setup-passwords  auto -b | grep elastic | cut -d \" \" -f 4 | sed -n '2p')\nelastic_username=elastic\n\naws ssm put-parameter \\\n    --name \"/dev-tothenew/elasticsearch/PASSWORD\" \\\n    --value \"$elastic_pass\" \\\n    --type String \\\n    --tags \"Key=Environment,Value=dev-tothenew\" \\\n    --region \"ap-northeast-1\"\n\naws ssm put-parameter \\\n    --name \"/dev-tothenew/elasticsearch/USERNAME\" \\\n    --value \"$elastic_username\" \\\n    --type String \\\n    --tags \"Key=Environment,Value=dev-tothenew\" \\\n    --region \"ap-northeast-1\"\n",
            "template": "#!/bin/bash\n\nversion=7.17.8\nwget https://artifacts.elastic.co/downloads/elasticsearch/elasticsearch-\"$version\"-x86_64.rpm\nwget https://artifacts.elastic.co/downloads/elasticsearch/elasticsearch-\"$version\"-x86_64.rpm.sha512\nshasum -a 512 -c elasticsearch-\"$version\"-x86_64.rpm.sha512\nsudo rpm --install elasticsearch-\"$version\"-x86_64.rpm\n\nsudo systemctl daemon-reload\nsudo systemctl enable elasticsearch.service\nsudo systemctl start elasticsearch.service\n\necho \"transport.host: localhost\" \u003e\u003e /etc/elasticsearch/elasticsearch.yml\necho \"transport.tcp.port: 9300\" \u003e\u003e /etc/elasticsearch/elasticsearch.yml\necho \"http.port: 9200\"  \u003e\u003e /etc/elasticsearch/elasticsearch.yml\necho \"network.host: 0.0.0.0\"  \u003e\u003e /etc/elasticsearch/elasticsearch.yml\necho \"xpack.security.enabled: true\"  \u003e\u003e /etc/elasticsearch/elasticsearch.yml\necho \"xpack.security.transport.ssl.enabled: true\"  \u003e\u003e /etc/elasticsearch/elasticsearch.yml\necho \"xpack.security.http.ssl.enabled: false\"  \u003e\u003e /etc/elasticsearch/elasticsearch.yml\nsudo systemctl restart elasticsearch.service\n\ncd /usr/share/elasticsearch\nelastic_pass=$(bin/elasticsearch-setup-passwords  auto -b | grep elastic | cut -d \" \" -f 4 | sed -n '2p')\nelastic_username=elastic\n\naws ssm put-parameter \\\n    --name \"/${environment_variable}/elasticsearch/PASSWORD\" \\\n    --value \"$elastic_pass\" \\\n    --type String \\\n    --tags \"Key=Environment,Value=${environment_variable}\" \\\n    --region \"${region}\"\n\naws ssm put-parameter \\\n    --name \"/${environment_variable}/elasticsearch/USERNAME\" \\\n    --value \"$elastic_username\" \\\n    --type String \\\n    --tags \"Key=Environment,Value=${environment_variable}\" \\\n    --region \"${region}\"\n",
            "vars": {
              "environment_variable": "dev-tothenew",
              "region": "ap-northeast-1"
            }
          },
          "sensitive_attributes": []
        }
      ]
    },
    {
      "mode": "managed",
      "type": "aws_iam_instance_profile",
      "name": "elasticsearch_profile",
      "provider": "provider[\"registry.terraform.io/hashicorp/aws\"]",
      "instances": [
        {
          "index_key": 0,
          "schema_version": 0,
          "attributes": {
            "arn": "arn:aws:iam::054750815490:instance-profile/dev-tothenew-elasticsearch-profile",
            "create_date": "2023-05-24T12:02:07Z",
            "id": "dev-tothenew-elasticsearch-profile",
            "name": "dev-tothenew-elasticsearch-profile",
            "name_prefix": "",
            "path": "/",
            "role": "dev-tothenew-elasticsearch-role",
            "tags": {
              "Environment": "dev",
              "Name": "dev-tothenew-elasticsearch-profile",
              "Project": "ToTheNew"
            },
            "tags_all": {
              "Environment": "dev",
              "Name": "dev-tothenew-elasticsearch-profile",
              "Project": "ToTheNew"
            },
            "unique_id": "AIPAQZP3HEUBDAH45BO2S"
          },
          "sensitive_attributes": [],
          "private": "bnVsbA==",
          "dependencies": [
            "aws_iam_role.elasticsearch_role"
          ]
        }
      ]
    },
    {
      "mode": "managed",
      "type": "aws_iam_role",
      "name": "elasticsearch_role",
      "provider": "provider[\"registry.terraform.io/hashicorp/aws\"]",
      "instances": [
        {
          "index_key": 0,
          "schema_version": 0,
          "attributes": {
            "arn": "arn:aws:iam::054750815490:role/dev-tothenew-elasticsearch-role",
            "assume_role_policy": "{\"Statement\":[{\"Action\":\"sts:AssumeRole\",\"Effect\":\"Allow\",\"Principal\":{\"Service\":\"ec2.amazonaws.com\"},\"Sid\":\"ElasticsearchAssumeRole\"}],\"Version\":\"2012-10-17\"}",
            "create_date": "2023-05-24T12:02:04Z",
            "description": "",
            "force_detach_policies": false,
            "id": "dev-tothenew-elasticsearch-role",
            "inline_policy": [],
            "managed_policy_arns": [],
            "max_session_duration": 3600,
            "name": "dev-tothenew-elasticsearch-role",
            "name_prefix": "",
            "path": "/",
            "permissions_boundary": null,
            "role_last_used": [
              {
                "last_used_date": "",
                "region": ""
              }
            ],
            "tags": {
              "Environment": "dev",
              "Name": "dev-tothenew-elasticsearch-role",
              "Project": "ToTheNew"
            },
            "tags_all": {
              "Environment": "dev",
              "Name": "dev-tothenew-elasticsearch-role",
              "Project": "ToTheNew"
            },
            "unique_id": "AROAQZP3HEUBEXMPBGALN"
          },
          "sensitive_attributes": [],
          "private": "bnVsbA=="
        }
      ]
    },
    {
      "mode": "managed",
      "type": "aws_iam_role_policy_attachment",
      "name": "elasticsearch_AmazonSSMFULLACCESS",
      "provider": "provider[\"registry.terraform.io/hashicorp/aws\"]",
      "instances": [
        {
          "index_key": 0,
          "schema_version": 0,
          "attributes": {
            "id": "dev-tothenew-elasticsearch-role-20230524120206360700000001",
            "policy_arn": "arn:aws:iam::aws:policy/AmazonSSMFullAccess",
            "role": "dev-tothenew-elasticsearch-role"
          },
          "sensitive_attributes": [],
          "private": "bnVsbA==",
          "dependencies": [
            "aws_iam_role.elasticsearch_role",
            "data.aws_iam_policy.elasticsearch_ssm_full_access"
          ]
        }
      ]
    },
    {
      "mode": "managed",
      "type": "aws_iam_role_policy_attachment",
      "name": "elasticsearch_AmazonSSMManagedInstanceCore",
      "provider": "provider[\"registry.terraform.io/hashicorp/aws\"]",
      "instances": [
        {
          "index_key": 0,
          "schema_version": 0,
          "attributes": {
            "id": "dev-tothenew-elasticsearch-role-20230524120207008600000002",
            "policy_arn": "arn:aws:iam::aws:policy/AmazonSSMManagedInstanceCore",
            "role": "dev-tothenew-elasticsearch-role"
          },
          "sensitive_attributes": [],
          "private": "bnVsbA==",
          "dependencies": [
            "aws_iam_role.elasticsearch_role",
            "data.aws_iam_policy.elasticsearch_ssm_mananged_instance_core"
          ]
        }
      ]
    },
    {
      "mode": "managed",
      "type": "aws_iam_role_policy_attachment",
      "name": "elasticsearch_IAMFULLACCESS",
      "provider": "provider[\"registry.terraform.io/hashicorp/aws\"]",
      "instances": [
        {
          "index_key": 0,
          "schema_version": 0,
          "attributes": {
            "id": "dev-tothenew-elasticsearch-role-20230524120207256200000003",
            "policy_arn": "arn:aws:iam::aws:policy/IAMFullAccess",
            "role": "dev-tothenew-elasticsearch-role"
          },
          "sensitive_attributes": [],
          "private": "bnVsbA==",
          "dependencies": [
            "aws_iam_role.elasticsearch_role",
            "data.aws_iam_policy.elasticsearch_iam_full_access"
          ]
        }
      ]
    },
    {
      "mode": "managed",
      "type": "aws_instance",
      "name": "ec2_elasticsearch",
      "provider": "provider[\"registry.terraform.io/hashicorp/aws\"]",
      "instances": [
        {
          "index_key": 0,
          "schema_version": 1,
          "attributes": {
            "ami": "ami-0828596b82405edd7",
            "arn": "arn:aws:ec2:ap-northeast-1:054750815490:instance/i-02436265c7c65d5af",
            "associate_public_ip_address": true,
            "availability_zone": "ap-northeast-1a",
            "capacity_reservation_specification": [
              {
                "capacity_reservation_preference": "open",
                "capacity_reservation_target": []
              }
            ],
            "cpu_core_count": 1,
            "cpu_options": [
              {
                "amd_sev_snp": "",
                "core_count": 1,
                "threads_per_core": 2
              }
            ],
            "cpu_threads_per_core": 2,
            "credit_specification": [
              {
                "cpu_credits": "unlimited"
              }
            ],
            "disable_api_stop": false,
            "disable_api_termination": true,
            "ebs_block_device": [],
            "ebs_optimized": true,
            "enclave_options": [
              {
                "enabled": false
              }
            ],
            "ephemeral_block_device": [],
            "get_password_data": false,
            "hibernation": false,
            "host_id": "",
            "host_resource_group_arn": null,
            "iam_instance_profile": "dev-tothenew-elasticsearch-profile",
            "id": "i-02436265c7c65d5af",
            "instance_initiated_shutdown_behavior": "stop",
            "instance_state": "running",
            "instance_type": "t3.large",
            "ipv6_address_count": 0,
            "ipv6_addresses": [],
            "key_name": "",
            "launch_template": [],
            "maintenance_options": [
              {
                "auto_recovery": "default"
              }
            ],
            "metadata_options": [
              {
                "http_endpoint": "enabled",
                "http_put_response_hop_limit": 1,
                "http_tokens": "optional",
                "instance_metadata_tags": "disabled"
              }
            ],
            "monitoring": false,
            "network_interface": [],
            "outpost_arn": "",
            "password_data": "",
            "placement_group": "",
            "placement_partition_number": 0,
            "primary_network_interface_id": "eni-072ecab49810de7f2",
            "private_dns": "ip-172-31-41-3.ap-northeast-1.compute.internal",
            "private_dns_name_options": [
              {
                "enable_resource_name_dns_a_record": false,
                "enable_resource_name_dns_aaaa_record": false,
                "hostname_type": "ip-name"
              }
            ],
            "private_ip": "172.31.41.3",
            "public_dns": "ec2-35-72-2-159.ap-northeast-1.compute.amazonaws.com",
            "public_ip": "35.72.2.159",
            "root_block_device": [
              {
                "delete_on_termination": true,
                "device_name": "/dev/xvda",
                "encrypted": true,
                "iops": 3000,
                "kms_key_id": "arn:aws:kms:ap-northeast-1:054750815490:key/7eef9b9b-59b5-4189-b6ed-39e6d29a689a",
                "tags": null,
                "throughput": 125,
                "volume_id": "vol-0af06bb6f7831eb1a",
                "volume_size": 100,
                "volume_type": "gp3"
              }
            ],
            "secondary_private_ips": [],
            "security_groups": [
              "dev-tothenew-elasticsearch-sg"
            ],
            "source_dest_check": true,
            "subnet_id": "subnet-0301a5dcf51dbf816",
            "tags": {
              "Environment": "dev",
              "Name": "dev-tothenew-elasticsearch",
              "Project": "ToTheNew"
            },
            "tags_all": {
              "Environment": "dev",
              "Name": "dev-tothenew-elasticsearch",
              "Project": "ToTheNew"
            },
            "tenancy": "default",
            "timeouts": null,
            "user_data": null,
            "user_data_base64": "IyEvYmluL2Jhc2gKCnZlcnNpb249Ny4xNy44CndnZXQgaHR0cHM6Ly9hcnRpZmFjdHMuZWxhc3RpYy5jby9kb3dubG9hZHMvZWxhc3RpY3NlYXJjaC9lbGFzdGljc2VhcmNoLSIkdmVyc2lvbiIteDg2XzY0LnJwbQp3Z2V0IGh0dHBzOi8vYXJ0aWZhY3RzLmVsYXN0aWMuY28vZG93bmxvYWRzL2VsYXN0aWNzZWFyY2gvZWxhc3RpY3NlYXJjaC0iJHZlcnNpb24iLXg4Nl82NC5ycG0uc2hhNTEyCnNoYXN1bSAtYSA1MTIgLWMgZWxhc3RpY3NlYXJjaC0iJHZlcnNpb24iLXg4Nl82NC5ycG0uc2hhNTEyCnN1ZG8gcnBtIC0taW5zdGFsbCBlbGFzdGljc2VhcmNoLSIkdmVyc2lvbiIteDg2XzY0LnJwbQoKc3VkbyBzeXN0ZW1jdGwgZGFlbW9uLXJlbG9hZApzdWRvIHN5c3RlbWN0bCBlbmFibGUgZWxhc3RpY3NlYXJjaC5zZXJ2aWNlCnN1ZG8gc3lzdGVtY3RsIHN0YXJ0IGVsYXN0aWNzZWFyY2guc2VydmljZQoKZWNobyAidHJhbnNwb3J0Lmhvc3Q6IGxvY2FsaG9zdCIgPj4gL2V0Yy9lbGFzdGljc2VhcmNoL2VsYXN0aWNzZWFyY2gueW1sCmVjaG8gInRyYW5zcG9ydC50Y3AucG9ydDogOTMwMCIgPj4gL2V0Yy9lbGFzdGljc2VhcmNoL2VsYXN0aWNzZWFyY2gueW1sCmVjaG8gImh0dHAucG9ydDogOTIwMCIgID4+IC9ldGMvZWxhc3RpY3NlYXJjaC9lbGFzdGljc2VhcmNoLnltbAplY2hvICJuZXR3b3JrLmhvc3Q6IDAuMC4wLjAiICA+PiAvZXRjL2VsYXN0aWNzZWFyY2gvZWxhc3RpY3NlYXJjaC55bWwKZWNobyAieHBhY2suc2VjdXJpdHkuZW5hYmxlZDogdHJ1ZSIgID4+IC9ldGMvZWxhc3RpY3NlYXJjaC9lbGFzdGljc2VhcmNoLnltbAplY2hvICJ4cGFjay5zZWN1cml0eS50cmFuc3BvcnQuc3NsLmVuYWJsZWQ6IHRydWUiICA+PiAvZXRjL2VsYXN0aWNzZWFyY2gvZWxhc3RpY3NlYXJjaC55bWwKZWNobyAieHBhY2suc2VjdXJpdHkuaHR0cC5zc2wuZW5hYmxlZDogZmFsc2UiICA+PiAvZXRjL2VsYXN0aWNzZWFyY2gvZWxhc3RpY3NlYXJjaC55bWwKc3VkbyBzeXN0ZW1jdGwgcmVzdGFydCBlbGFzdGljc2VhcmNoLnNlcnZpY2UKCmNkIC91c3Ivc2hhcmUvZWxhc3RpY3NlYXJjaAplbGFzdGljX3Bhc3M9JChiaW4vZWxhc3RpY3NlYXJjaC1zZXR1cC1wYXNzd29yZHMgIGF1dG8gLWIgfCBncmVwIGVsYXN0aWMgfCBjdXQgLWQgIiAiIC1mIDQgfCBzZWQgLW4gJzJwJykKZWxhc3RpY191c2VybmFtZT1lbGFzdGljCgphd3Mgc3NtIHB1dC1wYXJhbWV0ZXIgXAogICAgLS1uYW1lICIvZGV2LXRvdGhlbmV3L2VsYXN0aWNzZWFyY2gvUEFTU1dPUkQiIFwKICAgIC0tdmFsdWUgIiRlbGFzdGljX3Bhc3MiIFwKICAgIC0tdHlwZSBTdHJpbmcgXAogICAgLS10YWdzICJLZXk9RW52aXJvbm1lbnQsVmFsdWU9ZGV2LXRvdGhlbmV3IiBcCiAgICAtLXJlZ2lvbiAiYXAtbm9ydGhlYXN0LTEiCgphd3Mgc3NtIHB1dC1wYXJhbWV0ZXIgXAogICAgLS1uYW1lICIvZGV2LXRvdGhlbmV3L2VsYXN0aWNzZWFyY2gvVVNFUk5BTUUiIFwKICAgIC0tdmFsdWUgIiRlbGFzdGljX3VzZXJuYW1lIiBcCiAgICAtLXR5cGUgU3RyaW5nIFwKICAgIC0tdGFncyAiS2V5PUVudmlyb25tZW50LFZhbHVlPWRldi10b3RoZW5ldyIgXAogICAgLS1yZWdpb24gImFwLW5vcnRoZWFzdC0xIgo=",
            "user_data_replace_on_change": false,
            "volume_tags": {
              "Environment": "dev",
              "Name": "dev-tothenew-elasticsearch",
              "Project": "ToTheNew"
            },
            "vpc_security_group_ids": [
              "sg-0f2c8bb372abcb726"
            ]
          },
          "sensitive_attributes": [],
          "private": "eyJlMmJmYjczMC1lY2FhLTExZTYtOGY4OC0zNDM2M2JjN2M0YzAiOnsiY3JlYXRlIjo2MDAwMDAwMDAwMDAsImRlbGV0ZSI6MTIwMDAwMDAwMDAwMCwidXBkYXRlIjo2MDAwMDAwMDAwMDB9LCJzY2hlbWFfdmVyc2lvbiI6IjEifQ==",
          "dependencies": [
            "aws_iam_instance_profile.elasticsearch_profile",
            "aws_iam_role.elasticsearch_role",
            "aws_security_group.elasticsearch_sg",
            "data.aws_ami.amazon_linux_2",
            "data.aws_vpc.selected",
            "data.template_file.user_data"
          ]
        }
      ]
    },
    {
      "mode": "managed",
      "type": "aws_security_group",
      "name": "elasticsearch_sg",
      "provider": "provider[\"registry.terraform.io/hashicorp/aws\"]",
      "instances": [
        {
          "schema_version": 1,
          "attributes": {
            "arn": "arn:aws:ec2:ap-northeast-1:054750815490:security-group/sg-0f2c8bb372abcb726",
            "description": "Elasticsearch security group",
            "egress": [
              {
                "cidr_blocks": [
                  "0.0.0.0/0"
                ],
                "description": "Allow traffic to internet for Package installation",
                "from_port": 443,
                "ipv6_cidr_blocks": [],
                "prefix_list_ids": [],
                "protocol": "tcp",
                "security_groups": [],
                "self": false,
                "to_port": 443
              },
              {
                "cidr_blocks": [],
                "description": "Allow elasticsearch node communication",
                "from_port": 9300,
                "ipv6_cidr_blocks": [],
                "prefix_list_ids": [],
                "protocol": "tcp",
                "security_groups": [],
                "self": true,
                "to_port": 9300
              }
            ],
            "id": "sg-0f2c8bb372abcb726",
            "ingress": [
              {
                "cidr_blocks": [
                  "172.31.0.0/16"
                ],
                "description": "Allow HTTP client communication",
                "from_port": 9200,
                "ipv6_cidr_blocks": [],
                "prefix_list_ids": [],
                "protocol": "tcp",
                "security_groups": [],
                "self": false,
                "to_port": 9200
              },
              {
                "cidr_blocks": [],
                "description": "Allow elasticsearch node communication",
                "from_port": 9300,
                "ipv6_cidr_blocks": [],
                "prefix_list_ids": [],
                "protocol": "tcp",
                "security_groups": [],
                "self": true,
                "to_port": 9300
              }
            ],
            "name": "dev-tothenew-elasticsearch-sg",
            "name_prefix": "",
            "owner_id": "054750815490",
            "revoke_rules_on_delete": false,
            "tags": {
              "Environment": "dev",
              "Name": "dev-tothenew-elasticsearch-sg",
              "Project": "ToTheNew"
            },
            "tags_all": {
              "Environment": "dev",
              "Name": "dev-tothenew-elasticsearch-sg",
              "Project": "ToTheNew"
            },
            "timeouts": null,
            "vpc_id": "vpc-0d6a6a0e5387a7523"
          },
          "sensitive_attributes": [],
          "private": "eyJlMmJmYjczMC1lY2FhLTExZTYtOGY4OC0zNDM2M2JjN2M0YzAiOnsiY3JlYXRlIjo2MDAwMDAwMDAwMDAsImRlbGV0ZSI6OTAwMDAwMDAwMDAwfSwic2NoZW1hX3ZlcnNpb24iOiIxIn0=",
          "dependencies": [
            "data.aws_vpc.selected"
          ]
        }
      ]
    },
    {
      "mode": "managed",
      "type": "aws_ssm_parameter",
      "name": "elasticsearch_host",
      "provider": "provider[\"registry.terraform.io/hashicorp/aws\"]",
      "instances": [
        {
          "schema_version": 0,
          "attributes": {
            "allowed_pattern": "",
            "arn": "arn:aws:ssm:ap-northeast-1:054750815490:parameter/dev-tothenew/elasticsearch/host",
            "data_type": "text",
            "description": "Elasticsearch Host",
            "id": "/dev-tothenew/elasticsearch/host",
            "insecure_value": null,
            "key_id": "",
            "name": "/dev-tothenew/elasticsearch/host",
            "overwrite": null,
            "tags": {
              "Environment": "dev",
              "Name": "dev-tothenew-elasticsearch",
              "Project": "ToTheNew"
            },
            "tags_all": {
              "Environment": "dev",
              "Name": "dev-tothenew-elasticsearch",
              "Project": "ToTheNew"
            },
            "tier": "Standard",
            "type": "String",
            "value": "172.31.41.3",
            "version": 1
          },
          "sensitive_attributes": [],
          "private": "bnVsbA==",
          "dependencies": [
            "aws_elasticsearch_domain.elasticsearch",
            "aws_iam_instance_profile.elasticsearch_profile",
            "aws_iam_role.elasticsearch_role",
            "aws_instance.ec2_elasticsearch",
            "aws_security_group.elasticsearch_sg",
            "data.aws_ami.amazon_linux_2",
            "data.aws_vpc.selected",
            "data.template_file.user_data"
          ]
        }
      ]
    }
  ],
  "check_results": null
}
